
Microsoft Visual Studio Solution File, Format Version 12.00
# Visual Studio Version 17
VisualStudioVersion = 17.11.35327.3
MinimumVisualStudioVersion = 10.0.40219.1
Project("{FAE04EC0-301F-11D3-BF4B-00C04F79EFBC}") = "XSLTReformator", "XSLTReformator.csproj", "{022E8B04-ADCC-41E2-BA60-71151D4DDDD8}"
EndProject
Global
	GlobalSection(SolutionConfigurationPlatforms) = preSolution
		Debug|Any CPU = Debug|Any CPU
		Release|Any CPU = Release|Any CPU
	EndGlobalSection
	GlobalSection(ProjectConfigurationPlatforms) = postSolution
		{022E8B04-ADCC-41E2-BA60-71151D4DDDD8}.Debug|Any CPU.ActiveCfg = Debug|Any CPU
		{022E8B04-ADCC-41E2-BA60-71151D4DDDD8}.Debug|Any CPU.Build.0 = Debug|Any CPU
		{022E8B04-ADCC-41E2-BA60-71151D4DDDD8}.Release|Any CPU.ActiveCfg = Release|Any CPU
		{022E8B04-ADCC-41E2-BA60-71151D4DDDD8}.Release|Any CPU.Build.0 = Release|Any CPU
	EndGlobalSection
	GlobalSection(SolutionProperties) = preSolution
		HideSolutionNode = FALSE
	EndGlobalSection
	GlobalSection(ExtensibilityGlobals) = postSolution
		SolutionGuid = {3C648819-11FB-45F9-B205-1E752EB689FC}
	EndGlobalSection
EndGlobal
